
Microsoft Visual Studio Solution File, Format Version 12.00
# Visual Studio Version 17
VisualStudioVersion = 17.13.35913.81
MinimumVisualStudioVersion = 10.0.40219.1
Project("{FAE04EC0-301F-11D3-BF4B-00C04F79EFBC}") = "LeadManager.API", "LeadManager.API\LeadManager.API.csproj", "{0C2CAC34-B0BA-4F5C-924A-1E9992348CAF}"
	ProjectSection(ProjectDependencies) = postProject
		{CF3CAF72-4417-4399-B5DE-A7B067AF4DEC} = {CF3CAF72-4417-4399-B5DE-A7B067AF4DEC}
		{E769C4C6-BF85-410A-BEFB-37C119614A5A} = {E769C4C6-BF85-410A-BEFB-37C119614A5A}
	EndProjectSection
EndProject
Project("{FAE04EC0-301F-11D3-BF4B-00C04F79EFBC}") = "LeadManager.Application", "LeadManager.Application\LeadManager.Application.csproj", "{CF3CAF72-4417-4399-B5DE-A7B067AF4DEC}"
	ProjectSection(ProjectDependencies) = postProject
		{61236480-B54F-451E-9718-B7A0EA35C797} = {61236480-B54F-451E-9718-B7A0EA35C797}
	EndProjectSection
EndProject
Project("{FAE04EC0-301F-11D3-BF4B-00C04F79EFBC}") = "LeadManager.Domain", "LeadManager.Domain\LeadManager.Domain.csproj", "{61236480-B54F-451E-9718-B7A0EA35C797}"
EndProject
Project("{FAE04EC0-301F-11D3-BF4B-00C04F79EFBC}") = "LeadManager.Infrastructure", "LeadManager.Infrastructure\LeadManager.Infrastructure.csproj", "{E769C4C6-BF85-410A-BEFB-37C119614A5A}"
	ProjectSection(ProjectDependencies) = postProject
		{61236480-B54F-451E-9718-B7A0EA35C797} = {61236480-B54F-451E-9718-B7A0EA35C797}
	EndProjectSection
EndProject
Project("{FAE04EC0-301F-11D3-BF4B-00C04F79EFBC}") = "LeadManager.Tests", "LeadManager.Tests\LeadManager.Tests.csproj", "{A9EC3E06-8455-44F0-ABA5-EF962594195E}"
	ProjectSection(ProjectDependencies) = postProject
		{CF3CAF72-4417-4399-B5DE-A7B067AF4DEC} = {CF3CAF72-4417-4399-B5DE-A7B067AF4DEC}
	EndProjectSection
EndProject
Global
	GlobalSection(SolutionConfigurationPlatforms) = preSolution
		Debug|Any CPU = Debug|Any CPU
		Release|Any CPU = Release|Any CPU
	EndGlobalSection
	GlobalSection(ProjectConfigurationPlatforms) = postSolution
		{0C2CAC34-B0BA-4F5C-924A-1E9992348CAF}.Debug|Any CPU.ActiveCfg = Debug|Any CPU
		{0C2CAC34-B0BA-4F5C-924A-1E9992348CAF}.Debug|Any CPU.Build.0 = Debug|Any CPU
		{0C2CAC34-B0BA-4F5C-924A-1E9992348CAF}.Release|Any CPU.ActiveCfg = Release|Any CPU
		{0C2CAC34-B0BA-4F5C-924A-1E9992348CAF}.Release|Any CPU.Build.0 = Release|Any CPU
		{CF3CAF72-4417-4399-B5DE-A7B067AF4DEC}.Debug|Any CPU.ActiveCfg = Debug|Any CPU
		{CF3CAF72-4417-4399-B5DE-A7B067AF4DEC}.Debug|Any CPU.Build.0 = Debug|Any CPU
		{CF3CAF72-4417-4399-B5DE-A7B067AF4DEC}.Release|Any CPU.ActiveCfg = Release|Any CPU
		{CF3CAF72-4417-4399-B5DE-A7B067AF4DEC}.Release|Any CPU.Build.0 = Release|Any CPU
		{61236480-B54F-451E-9718-B7A0EA35C797}.Debug|Any CPU.ActiveCfg = Debug|Any CPU
		{61236480-B54F-451E-9718-B7A0EA35C797}.Debug|Any CPU.Build.0 = Debug|Any CPU
		{61236480-B54F-451E-9718-B7A0EA35C797}.Release|Any CPU.ActiveCfg = Release|Any CPU
		{61236480-B54F-451E-9718-B7A0EA35C797}.Release|Any CPU.Build.0 = Release|Any CPU
		{E769C4C6-BF85-410A-BEFB-37C119614A5A}.Debug|Any CPU.ActiveCfg = Debug|Any CPU
		{E769C4C6-BF85-410A-BEFB-37C119614A5A}.Debug|Any CPU.Build.0 = Debug|Any CPU
		{E769C4C6-BF85-410A-BEFB-37C119614A5A}.Release|Any CPU.ActiveCfg = Release|Any CPU
		{E769C4C6-BF85-410A-BEFB-37C119614A5A}.Release|Any CPU.Build.0 = Release|Any CPU
		{A9EC3E06-8455-44F0-ABA5-EF962594195E}.Debug|Any CPU.ActiveCfg = Debug|Any CPU
		{A9EC3E06-8455-44F0-ABA5-EF962594195E}.Debug|Any CPU.Build.0 = Debug|Any CPU
		{A9EC3E06-8455-44F0-ABA5-EF962594195E}.Release|Any CPU.ActiveCfg = Release|Any CPU
		{A9EC3E06-8455-44F0-ABA5-EF962594195E}.Release|Any CPU.Build.0 = Release|Any CPU
	EndGlobalSection
	GlobalSection(SolutionProperties) = preSolution
		HideSolutionNode = FALSE
	EndGlobalSection
	GlobalSection(ExtensibilityGlobals) = postSolution
		SolutionGuid = {F6DCADBE-C479-4731-B08B-56260F9E74F4}
	EndGlobalSection
EndGlobal
